
Microsoft Visual Studio Solution File, Format Version 12.00
# Visual Studio 15
Project("{FAE04EC0-301F-11D3-BF4B-00C04F79EFBC}") = "Exam", "Exam.csproj", "{B799679D-DC2F-4854-8A87-BF1A34757ABC}"
EndProject
Global
	GlobalSection(SolutionConfigurationPlatforms) = preSolution
		Debug|Any CPU = Debug|Any CPU
		Release|Any CPU = Release|Any CPU
	EndGlobalSection
	GlobalSection(ProjectConfigurationPlatforms) = postSolution
		{B799679D-DC2F-4854-8A87-BF1A34757ABC}.Debug|Any CPU.ActiveCfg = Debug|Any CPU
		{B799679D-DC2F-4854-8A87-BF1A34757ABC}.Debug|Any CPU.Build.0 = Debug|Any CPU
		{B799679D-DC2F-4854-8A87-BF1A34757ABC}.Release|Any CPU.ActiveCfg = Release|Any CPU
		{B799679D-DC2F-4854-8A87-BF1A34757ABC}.Release|Any CPU.Build.0 = Release|Any CPU
	EndGlobalSection
EndGlobal
